
Microsoft Visual Studio Solution File, Format Version 12.00
# Visual Studio 15
VisualStudioVersion = 15.0.28307.489
MinimumVisualStudioVersion = 10.0.40219.1
Project("{FAE04EC0-301F-11D3-BF4B-00C04F79EFBC}") = "PortafolioEPIS", "PortafolioEPIS\PortafolioEPIS.csproj", "{5A6C1923-38DC-4B41-BB6D-1841DA721751}"
EndProject
Global
	GlobalSection(SolutionConfigurationPlatforms) = preSolution
		Debug|Any CPU = Debug|Any CPU
		Release|Any CPU = Release|Any CPU
	EndGlobalSection
	GlobalSection(ProjectConfigurationPlatforms) = postSolution
		{5A6C1923-38DC-4B41-BB6D-1841DA721751}.Debug|Any CPU.ActiveCfg = Debug|Any CPU
		{5A6C1923-38DC-4B41-BB6D-1841DA721751}.Debug|Any CPU.Build.0 = Debug|Any CPU
		{5A6C1923-38DC-4B41-BB6D-1841DA721751}.Release|Any CPU.ActiveCfg = Release|Any CPU
		{5A6C1923-38DC-4B41-BB6D-1841DA721751}.Release|Any CPU.Build.0 = Release|Any CPU
	EndGlobalSection
	GlobalSection(SolutionProperties) = preSolution
		HideSolutionNode = FALSE
	EndGlobalSection
	GlobalSection(ExtensibilityGlobals) = postSolution
		SolutionGuid = {15E91325-D0C1-464C-AD6B-2D61A46DAB5A}
	EndGlobalSection
EndGlobal
